
Microsoft Visual Studio Solution File, Format Version 12.00
# Visual Studio 14
VisualStudioVersion = 14.0.25420.1
MinimumVisualStudioVersion = 10.0.40219.1
Project("{2150E333-8FDC-42A3-9474-1A3956D46DE8}") = "src", "src", "{46459D44-3E70-4DEC-8AEF-FEC0F0CAB8B3}"
EndProject
Project("{2150E333-8FDC-42A3-9474-1A3956D46DE8}") = "Solution Items", "Solution Items", "{6DAADD98-2F2E-485D-9F4E-5097EA5B017C}"
	ProjectSection(SolutionItems) = preProject
		global.json = global.json
	EndProjectSection
EndProject
Project("{8BB2217D-0F2D-49D1-97BC-3654ED321F3B}") = "RechargeSystemA2", "src\RechargeSystemA2\RechargeSystemA2.xproj", "{D998B6D0-65F3-4986-8467-5312A76A0BB8}"
EndProject
Project("{FAE04EC0-301F-11D3-BF4B-00C04F79EFBC}") = "DAL", "DAL\DAL.csproj", "{7CB8B310-6595-4728-8C9E-92D02C4D7961}"
EndProject
Global
	GlobalSection(SolutionConfigurationPlatforms) = preSolution
		Debug|Any CPU = Debug|Any CPU
		Release|Any CPU = Release|Any CPU
	EndGlobalSection
	GlobalSection(ProjectConfigurationPlatforms) = postSolution
		{D998B6D0-65F3-4986-8467-5312A76A0BB8}.Debug|Any CPU.ActiveCfg = Debug|Any CPU
		{D998B6D0-65F3-4986-8467-5312A76A0BB8}.Debug|Any CPU.Build.0 = Debug|Any CPU
		{D998B6D0-65F3-4986-8467-5312A76A0BB8}.Release|Any CPU.ActiveCfg = Release|Any CPU
		{D998B6D0-65F3-4986-8467-5312A76A0BB8}.Release|Any CPU.Build.0 = Release|Any CPU
		{7CB8B310-6595-4728-8C9E-92D02C4D7961}.Debug|Any CPU.ActiveCfg = Debug|Any CPU
		{7CB8B310-6595-4728-8C9E-92D02C4D7961}.Debug|Any CPU.Build.0 = Debug|Any CPU
		{7CB8B310-6595-4728-8C9E-92D02C4D7961}.Release|Any CPU.ActiveCfg = Release|Any CPU
		{7CB8B310-6595-4728-8C9E-92D02C4D7961}.Release|Any CPU.Build.0 = Release|Any CPU
	EndGlobalSection
	GlobalSection(SolutionProperties) = preSolution
		HideSolutionNode = FALSE
	EndGlobalSection
	GlobalSection(NestedProjects) = preSolution
		{D998B6D0-65F3-4986-8467-5312A76A0BB8} = {46459D44-3E70-4DEC-8AEF-FEC0F0CAB8B3}
	EndGlobalSection
EndGlobal
